PODS:
  - device_info_plus (0.0.1):
    - FlutterMacOS
  - flutter_llama (0.1.0):
    - FlutterMacOS
  - FlutterMacOS (1.0.0)
  - sqflite_darwin (0.0.4):
    - Flutter
    - FlutterMacOS

DEPENDENCIES:
  - device_info_plus (from `Flutter/ephemeral/.symlinks/plugins/device_info_plus/macos`)
  - flutter_llama (from `Flutter/ephemeral/.symlinks/plugins/flutter_llama/macos`)
  - FlutterMacOS (from `Flutter/ephemeral`)
  - sqflite_darwin (from `Flutter/ephemeral/.symlinks/plugins/sqflite_darwin/darwin`)

EXTERNAL SOURCES:
  device_info_plus:
    :path: Flutter/ephemeral/.symlinks/plugins/device_info_plus/macos
  flutter_llama:
    :path: Flutter/ephemeral/.symlinks/plugins/flutter_llama/macos
  FlutterMacOS:
    :path: Flutter/ephemeral
  sqflite_darwin:
    :path: Flutter/ephemeral/.symlinks/plugins/sqflite_darwin/darwin

SPEC CHECKSUMS:
  device_info_plus: 1b14eed9bf95428983aed283a8d51cce3d8c4215
  flutter_llama: 3ca04a1d9112d5ed9a34ae077485702f36c138f6
  FlutterMacOS: d0db08ddef1a9af05a5ec4b724367152bb0500b1
  sqflite_darwin: 5a7236e3b501866c1c9befc6771dfd73ffb8702d

PODFILE CHECKSUM: 54d867c82ac51cbd61b565781b9fada492027009

COCOAPODS: 1.16.2
